
Microsoft Visual Studio Solution File, Format Version 12.00
# Visual Studio 2012
Project("{FAE04EC0-301F-11D3-BF4B-00C04F79EFBC}") = "Euler_Problem_0000001", "Euler_Problem_0000001.csproj", "{C7682B95-B11F-46D1-A135-99EEBA4202FA}"
EndProject
Global
	GlobalSection(SolutionConfigurationPlatforms) = preSolution
		Debug|Any CPU = Debug|Any CPU
		Release|Any CPU = Release|Any CPU
	EndGlobalSection
	GlobalSection(ProjectConfigurationPlatforms) = postSolution
		{C7682B95-B11F-46D1-A135-99EEBA4202FA}.Debug|Any CPU.ActiveCfg = Debug|Any CPU
		{C7682B95-B11F-46D1-A135-99EEBA4202FA}.Debug|Any CPU.Build.0 = Debug|Any CPU
		{C7682B95-B11F-46D1-A135-99EEBA4202FA}.Release|Any CPU.ActiveCfg = Release|Any CPU
		{C7682B95-B11F-46D1-A135-99EEBA4202FA}.Release|Any CPU.Build.0 = Release|Any CPU
	EndGlobalSection
	GlobalSection(SolutionProperties) = preSolution
		HideSolutionNode = FALSE
	EndGlobalSection
EndGlobal
