
Microsoft Visual Studio Solution File, Format Version 12.00
# Visual Studio 2012
Project("{FAE04EC0-301F-11D3-BF4B-00C04F79EFBC}") = "Euler_Problem_0000004", "Euler_Problem_0000004.csproj", "{ED7C840E-442F-46E2-9F8C-3E2CF05903AB}"
EndProject
Global
	GlobalSection(SolutionConfigurationPlatforms) = preSolution
		Debug|Any CPU = Debug|Any CPU
		Release|Any CPU = Release|Any CPU
	EndGlobalSection
	GlobalSection(ProjectConfigurationPlatforms) = postSolution
		{ED7C840E-442F-46E2-9F8C-3E2CF05903AB}.Debug|Any CPU.ActiveCfg = Debug|Any CPU
		{ED7C840E-442F-46E2-9F8C-3E2CF05903AB}.Debug|Any CPU.Build.0 = Debug|Any CPU
		{ED7C840E-442F-46E2-9F8C-3E2CF05903AB}.Release|Any CPU.ActiveCfg = Release|Any CPU
		{ED7C840E-442F-46E2-9F8C-3E2CF05903AB}.Release|Any CPU.Build.0 = Release|Any CPU
	EndGlobalSection
	GlobalSection(SolutionProperties) = preSolution
		HideSolutionNode = FALSE
	EndGlobalSection
EndGlobal
